Microsoft Visual Studio Solution File, Format Version 12.00
# Visual Studio Version 17
VisualStudioVersion = 17.5.2.0
MinimumVisualStudioVersion = 10.0.40219.1
Project("{2150E333-8FDC-42A3-9474-1A3956D46DE8}") = "src", "src", "{827E0CD3-B72D-47B6-A68D-7590B98EB39B}"
EndProject
Project("{2150E333-8FDC-42A3-9474-1A3956D46DE8}") = "clients", "clients", "{B8C4E2A1-9F3D-4C2B-8E7A-1234567890AB}"
EndProject
Project("{2150E333-8FDC-42A3-9474-1A3956D46DE8}") = "tests", "tests", "{0AB3BF05-4346-4AA6-1389-037BE0695223}"
EndProject
Project("{FAE04EC0-301F-11D3-BF4B-00C04F79EFBC}") = "MmsRelay", "src\MmsRelay\MmsRelay.csproj", "{6CE75C32-BEB4-0260-D867-0698F653B040}"
EndProject
Project("{FAE04EC0-301F-11D3-BF4B-00C04F79EFBC}") = "MmsRelay.Client", "clients\MmsRelay.Client\MmsRelay.Client.csproj", "{A1B2C3D4-E5F6-7890-ABCD-EF1234567890}"
EndProject
Project("{FAE04EC0-301F-11D3-BF4B-00C04F79EFBC}") = "MmsRelay.Tests", "tests\MmsRelay.Tests\MmsRelay.Tests.csproj", "{FD8AB0F2-7F7A-2B26-9E00-445EDBBDC3DF}"
EndProject
Project("{FAE04EC0-301F-11D3-BF4B-00C04F79EFBC}") = "MmsRelay.Client.Tests", "tests\MmsRelay.Client.Tests\MmsRelay.Client.Tests.csproj", "{C2D3E4F5-G6H7-8901-IJKL-MN2345678901}"
EndProject
Global
	GlobalSection(SolutionConfigurationPlatforms) = preSolution
		Debug|Any CPU = Debug|Any CPU
		Release|Any CPU = Release|Any CPU
	EndGlobalSection
	GlobalSection(ProjectConfigurationPlatforms) = postSolution
		{6CE75C32-BEB4-0260-D867-0698F653B040}.Debug|Any CPU.ActiveCfg = Debug|Any CPU
		{6CE75C32-BEB4-0260-D867-0698F653B040}.Debug|Any CPU.Build.0 = Debug|Any CPU
		{6CE75C32-BEB4-0260-D867-0698F653B040}.Release|Any CPU.ActiveCfg = Release|Any CPU
		{6CE75C32-BEB4-0260-D867-0698F653B040}.Release|Any CPU.Build.0 = Release|Any CPU
		{A1B2C3D4-E5F6-7890-ABCD-EF1234567890}.Debug|Any CPU.ActiveCfg = Debug|Any CPU
		{A1B2C3D4-E5F6-7890-ABCD-EF1234567890}.Debug|Any CPU.Build.0 = Debug|Any CPU
		{A1B2C3D4-E5F6-7890-ABCD-EF1234567890}.Release|Any CPU.ActiveCfg = Release|Any CPU
		{A1B2C3D4-E5F6-7890-ABCD-EF1234567890}.Release|Any CPU.Build.0 = Release|Any CPU
		{FD8AB0F2-7F7A-2B26-9E00-445EDBBDC3DF}.Debug|Any CPU.ActiveCfg = Debug|Any CPU
		{FD8AB0F2-7F7A-2B26-9E00-445EDBBDC3DF}.Debug|Any CPU.Build.0 = Debug|Any CPU
		{FD8AB0F2-7F7A-2B26-9E00-445EDBBDC3DF}.Release|Any CPU.ActiveCfg = Release|Any CPU
		{FD8AB0F2-7F7A-2B26-9E00-445EDBBDC3DF}.Release|Any CPU.Build.0 = Release|Any CPU
		{C2D3E4F5-G6H7-8901-IJKL-MN2345678901}.Debug|Any CPU.ActiveCfg = Debug|Any CPU
		{C2D3E4F5-G6H7-8901-IJKL-MN2345678901}.Debug|Any CPU.Build.0 = Debug|Any CPU
		{C2D3E4F5-G6H7-8901-IJKL-MN2345678901}.Release|Any CPU.ActiveCfg = Release|Any CPU
		{C2D3E4F5-G6H7-8901-IJKL-MN2345678901}.Release|Any CPU.Build.0 = Release|Any CPU
	EndGlobalSection
	GlobalSection(SolutionProperties) = preSolution
		HideSolutionNode = FALSE
	EndGlobalSection
	GlobalSection(NestedProjects) = preSolution
		{6CE75C32-BEB4-0260-D867-0698F653B040} = {827E0CD3-B72D-47B6-A68D-7590B98EB39B}
		{A1B2C3D4-E5F6-7890-ABCD-EF1234567890} = {B8C4E2A1-9F3D-4C2B-8E7A-1234567890AB}
		{FD8AB0F2-7F7A-2B26-9E00-445EDBBDC3DF} = {0AB3BF05-4346-4AA6-1389-037BE0695223}
		{C2D3E4F5-G6H7-8901-IJKL-MN2345678901} = {0AB3BF05-4346-4AA6-1389-037BE0695223}
	EndGlobalSection
	GlobalSection(ExtensibilityGlobals) = postSolution
		SolutionGuid = {798DB0A9-E607-4A3C-A7EC-CA5825096B09}
	EndGlobalSection
EndGlobal
